
Microsoft Visual Studio Solution File, Format Version 12.00
# Visual Studio 15
Project("{FAE04EC0-301F-11D3-BF4B-00C04F79EFBC}") = "project9a", "project9a.csproj", "{0945DEF0-6E5B-4A34-8B55-E22A70E92E5A}"
EndProject
Global
	GlobalSection(SolutionConfigurationPlatforms) = preSolution
		Debug|Any CPU = Debug|Any CPU
		Release|Any CPU = Release|Any CPU
	EndGlobalSection
	GlobalSection(ProjectConfigurationPlatforms) = postSolution
		{0945DEF0-6E5B-4A34-8B55-E22A70E92E5A}.Debug|Any CPU.ActiveCfg = Debug|Any CPU
		{0945DEF0-6E5B-4A34-8B55-E22A70E92E5A}.Debug|Any CPU.Build.0 = Debug|Any CPU
		{0945DEF0-6E5B-4A34-8B55-E22A70E92E5A}.Release|Any CPU.ActiveCfg = Release|Any CPU
		{0945DEF0-6E5B-4A34-8B55-E22A70E92E5A}.Release|Any CPU.Build.0 = Release|Any CPU
	EndGlobalSection
EndGlobal
